
Microsoft Visual Studio Solution File, Format Version 12.00
# Visual Studio Version 17
VisualStudioVersion = 17.8.34525.116
MinimumVisualStudioVersion = 10.0.40219.1
Project("{FAE04EC0-301F-11D3-BF4B-00C04F79EFBC}") = "Server", "Server\Server.csproj", "{5072E8DD-BCFA-4A56-9C89-80FC57576DCF}"
EndProject
Project("{FAE04EC0-301F-11D3-BF4B-00C04F79EFBC}") = "Client", "Client\Client.csproj", "{9876197F-E425-4E1F-B5E2-96E4D5F2B9DC}"
EndProject
Project("{FAE04EC0-301F-11D3-BF4B-00C04F79EFBC}") = "BaseLibrary", "BaseLibrary\BaseLibrary.csproj", "{B8719B38-0312-4A5B-89F9-7658419C6471}"
EndProject
Project("{FAE04EC0-301F-11D3-BF4B-00C04F79EFBC}") = "ClientLibrary", "ClientLibrary\ClientLibrary.csproj", "{80655829-EA43-4A3F-ABBA-F8988A87067C}"
EndProject
Project("{FAE04EC0-301F-11D3-BF4B-00C04F79EFBC}") = "ServerLibrary", "ServerLibrary\ServerLibrary.csproj", "{9FB912B2-5271-498A-B715-7C49A91F0507}"
EndProject
Global
	GlobalSection(SolutionConfigurationPlatforms) = preSolution
		Debug|Any CPU = Debug|Any CPU
		Release|Any CPU = Release|Any CPU
	EndGlobalSection
	GlobalSection(ProjectConfigurationPlatforms) = postSolution
		{5072E8DD-BCFA-4A56-9C89-80FC57576DCF}.Debug|Any CPU.ActiveCfg = Debug|Any CPU
		{5072E8DD-BCFA-4A56-9C89-80FC57576DCF}.Debug|Any CPU.Build.0 = Debug|Any CPU
		{5072E8DD-BCFA-4A56-9C89-80FC57576DCF}.Release|Any CPU.ActiveCfg = Release|Any CPU
		{5072E8DD-BCFA-4A56-9C89-80FC57576DCF}.Release|Any CPU.Build.0 = Release|Any CPU
		{9876197F-E425-4E1F-B5E2-96E4D5F2B9DC}.Debug|Any CPU.ActiveCfg = Debug|Any CPU
		{9876197F-E425-4E1F-B5E2-96E4D5F2B9DC}.Debug|Any CPU.Build.0 = Debug|Any CPU
		{9876197F-E425-4E1F-B5E2-96E4D5F2B9DC}.Release|Any CPU.ActiveCfg = Release|Any CPU
		{9876197F-E425-4E1F-B5E2-96E4D5F2B9DC}.Release|Any CPU.Build.0 = Release|Any CPU
		{B8719B38-0312-4A5B-89F9-7658419C6471}.Debug|Any CPU.ActiveCfg = Debug|Any CPU
		{B8719B38-0312-4A5B-89F9-7658419C6471}.Debug|Any CPU.Build.0 = Debug|Any CPU
		{B8719B38-0312-4A5B-89F9-7658419C6471}.Release|Any CPU.ActiveCfg = Release|Any CPU
		{B8719B38-0312-4A5B-89F9-7658419C6471}.Release|Any CPU.Build.0 = Release|Any CPU
		{80655829-EA43-4A3F-ABBA-F8988A87067C}.Debug|Any CPU.ActiveCfg = Debug|Any CPU
		{80655829-EA43-4A3F-ABBA-F8988A87067C}.Debug|Any CPU.Build.0 = Debug|Any CPU
		{80655829-EA43-4A3F-ABBA-F8988A87067C}.Release|Any CPU.ActiveCfg = Release|Any CPU
		{80655829-EA43-4A3F-ABBA-F8988A87067C}.Release|Any CPU.Build.0 = Release|Any CPU
		{9FB912B2-5271-498A-B715-7C49A91F0507}.Debug|Any CPU.ActiveCfg = Debug|Any CPU
		{9FB912B2-5271-498A-B715-7C49A91F0507}.Debug|Any CPU.Build.0 = Debug|Any CPU
		{9FB912B2-5271-498A-B715-7C49A91F0507}.Release|Any CPU.ActiveCfg = Release|Any CPU
		{9FB912B2-5271-498A-B715-7C49A91F0507}.Release|Any CPU.Build.0 = Release|Any CPU
	EndGlobalSection
	GlobalSection(SolutionProperties) = preSolution
		HideSolutionNode = FALSE
	EndGlobalSection
	GlobalSection(ExtensibilityGlobals) = postSolution
		SolutionGuid = {DFB08A4C-D29E-44D8-9265-6F40CBDC27AD}
	EndGlobalSection
EndGlobal
